
Microsoft Visual Studio Solution File, Format Version 12.00
# Visual Studio Version 16
VisualStudioVersion = 16.0.32002.261
MinimumVisualStudioVersion = 10.0.40219.1
Project("{9A19103F-16F7-4668-BE54-9A1E7A4F7556}") = "ReportToExcelParser", "ReportToExcelParser\ReportToExcelParser.csproj", "{DE48D8DC-44E2-4D49-B515-D241095D4D0F}"
EndProject
Project("{9A19103F-16F7-4668-BE54-9A1E7A4F7556}") = "ParserWF", "ParserWF\ParserWF.csproj", "{6592BC05-AB6F-4551-A339-40550A0170A0}"
EndProject
Project("{2150E333-8FDC-42A3-9474-1A3956D46DE8}") = "Solution Items", "Solution Items", "{70A4EB10-09CF-4DE7-BAB1-A01A2C9841CA}"
	ProjectSection(SolutionItems) = preProject
		..\..\..\Downloads\!DFC EoL reports\EB03240FFFF1122223001047\2022-08-11_09-56-36\EB03240FFFF1122223001047_2022-08-11_17-31-41_EOLT.csv = ..\..\..\Downloads\!DFC EoL reports\EB03240FFFF1122223001047\2022-08-11_09-56-36\EB03240FFFF1122223001047_2022-08-11_17-31-41_EOLT.csv
		Poznamky.txt = Poznamky.txt
	EndProjectSection
EndProject
Project("{9A19103F-16F7-4668-BE54-9A1E7A4F7556}") = "SandBox", "SandBox\SandBox.csproj", "{D26EB533-23EA-4254-87FF-B85EADC8E59D}"
EndProject
Global
	GlobalSection(SolutionConfigurationPlatforms) = preSolution
		Debug|Any CPU = Debug|Any CPU
		Release|Any CPU = Release|Any CPU
	EndGlobalSection
	GlobalSection(ProjectConfigurationPlatforms) = postSolution
		{DE48D8DC-44E2-4D49-B515-D241095D4D0F}.Debug|Any CPU.ActiveCfg = Debug|Any CPU
		{DE48D8DC-44E2-4D49-B515-D241095D4D0F}.Debug|Any CPU.Build.0 = Debug|Any CPU
		{DE48D8DC-44E2-4D49-B515-D241095D4D0F}.Release|Any CPU.ActiveCfg = Release|Any CPU
		{DE48D8DC-44E2-4D49-B515-D241095D4D0F}.Release|Any CPU.Build.0 = Release|Any CPU
		{6592BC05-AB6F-4551-A339-40550A0170A0}.Debug|Any CPU.ActiveCfg = Debug|Any CPU
		{6592BC05-AB6F-4551-A339-40550A0170A0}.Debug|Any CPU.Build.0 = Debug|Any CPU
		{6592BC05-AB6F-4551-A339-40550A0170A0}.Release|Any CPU.ActiveCfg = Release|Any CPU
		{6592BC05-AB6F-4551-A339-40550A0170A0}.Release|Any CPU.Build.0 = Release|Any CPU
		{D26EB533-23EA-4254-87FF-B85EADC8E59D}.Debug|Any CPU.ActiveCfg = Debug|Any CPU
		{D26EB533-23EA-4254-87FF-B85EADC8E59D}.Debug|Any CPU.Build.0 = Debug|Any CPU
		{D26EB533-23EA-4254-87FF-B85EADC8E59D}.Release|Any CPU.ActiveCfg = Release|Any CPU
		{D26EB533-23EA-4254-87FF-B85EADC8E59D}.Release|Any CPU.Build.0 = Release|Any CPU
	EndGlobalSection
	GlobalSection(SolutionProperties) = preSolution
		HideSolutionNode = FALSE
	EndGlobalSection
	GlobalSection(ExtensibilityGlobals) = postSolution
		SolutionGuid = {CBF717D0-2E46-496B-A21A-17C66A62E92E}
	EndGlobalSection
EndGlobal
